
Microsoft Visual Studio Solution File, Format Version 12.00
# Visual Studio 15
VisualStudioVersion = 15.0.27428.2027
MinimumVisualStudioVersion = 10.0.40219.1
Project("{FAE04EC0-301F-11D3-BF4B-00C04F79EFBC}") = "AppQuanLyThuVien", "AppQuanLyThuVien\AppQuanLyThuVien.csproj", "{9C239BB3-68F5-4EBB-AE84-CF48A041E463}"
EndProject
Global
	GlobalSection(SolutionConfigurationPlatforms) = preSolution
		Debug|Any CPU = Debug|Any CPU
		Release|Any CPU = Release|Any CPU
	EndGlobalSection
	GlobalSection(ProjectConfigurationPlatforms) = postSolution
		{9C239BB3-68F5-4EBB-AE84-CF48A041E463}.Debug|Any CPU.ActiveCfg = Debug|Any CPU
		{9C239BB3-68F5-4EBB-AE84-CF48A041E463}.Debug|Any CPU.Build.0 = Debug|Any CPU
		{9C239BB3-68F5-4EBB-AE84-CF48A041E463}.Release|Any CPU.ActiveCfg = Release|Any CPU
		{9C239BB3-68F5-4EBB-AE84-CF48A041E463}.Release|Any CPU.Build.0 = Release|Any CPU
	EndGlobalSection
	GlobalSection(SolutionProperties) = preSolution
		HideSolutionNode = FALSE
	EndGlobalSection
	GlobalSection(ExtensibilityGlobals) = postSolution
		SolutionGuid = {ACFEC830-8C96-4942-9516-F27F8ECF466B}
	EndGlobalSection
EndGlobal
